
Microsoft Visual Studio Solution File, Format Version 12.00
# Visual Studio Version 17
VisualStudioVersion = 17.3.32819.101
MinimumVisualStudioVersion = 10.0.40219.1
Project("{9A19103F-16F7-4668-BE54-9A1E7A4F7556}") = "424Homework", "424Homework\424Homework.csproj", "{363833A6-8989-4BF2-B184-CE64DF14A317}"
EndProject
Project("{FAE04EC0-301F-11D3-BF4B-00C04F79EFBC}") = "424Homework.Data", "424Homework.Data\424Homework.Data.csproj", "{D7A0995A-FFD6-4D43-8565-7F6CD5499EE4}"
EndProject
Global
	GlobalSection(SolutionConfigurationPlatforms) = preSolution
		Debug|Any CPU = Debug|Any CPU
		Release|Any CPU = Release|Any CPU
	EndGlobalSection
	GlobalSection(ProjectConfigurationPlatforms) = postSolution
		{363833A6-8989-4BF2-B184-CE64DF14A317}.Debug|Any CPU.ActiveCfg = Debug|Any CPU
		{363833A6-8989-4BF2-B184-CE64DF14A317}.Debug|Any CPU.Build.0 = Debug|Any CPU
		{363833A6-8989-4BF2-B184-CE64DF14A317}.Release|Any CPU.ActiveCfg = Release|Any CPU
		{363833A6-8989-4BF2-B184-CE64DF14A317}.Release|Any CPU.Build.0 = Release|Any CPU
		{D7A0995A-FFD6-4D43-8565-7F6CD5499EE4}.Debug|Any CPU.ActiveCfg = Debug|Any CPU
		{D7A0995A-FFD6-4D43-8565-7F6CD5499EE4}.Debug|Any CPU.Build.0 = Debug|Any CPU
		{D7A0995A-FFD6-4D43-8565-7F6CD5499EE4}.Release|Any CPU.ActiveCfg = Release|Any CPU
		{D7A0995A-FFD6-4D43-8565-7F6CD5499EE4}.Release|Any CPU.Build.0 = Release|Any CPU
	EndGlobalSection
	GlobalSection(SolutionProperties) = preSolution
		HideSolutionNode = FALSE
	EndGlobalSection
	GlobalSection(ExtensibilityGlobals) = postSolution
		SolutionGuid = {A5EC2C0C-AFDC-402B-B48F-F1D60ECB126A}
	EndGlobalSection
EndGlobal
